
Microsoft Visual Studio Solution File, Format Version 12.00
# Visual Studio 15
VisualStudioVersion = 15.0.28307.136
MinimumVisualStudioVersion = 10.0.40219.1
Project("{FAE04EC0-301F-11D3-BF4B-00C04F79EFBC}") = "AzureCosmosDBLearn", "AzureCosmosDBLearn\AzureCosmosDBLearn.csproj", "{91C348EE-F688-4A35-A122-9F53B2FCFDA9}"
EndProject
Project("{FAE04EC0-301F-11D3-BF4B-00C04F79EFBC}") = "AzureCosmosConsole", "AzureCosmosConsole\AzureCosmosConsole.csproj", "{05EB6EC0-E737-4BE0-9765-AC729E661F22}"
EndProject
Global
	GlobalSection(SolutionConfigurationPlatforms) = preSolution
		Debug|Any CPU = Debug|Any CPU
		Release|Any CPU = Release|Any CPU
	EndGlobalSection
	GlobalSection(ProjectConfigurationPlatforms) = postSolution
		{91C348EE-F688-4A35-A122-9F53B2FCFDA9}.Debug|Any CPU.ActiveCfg = Debug|Any CPU
		{91C348EE-F688-4A35-A122-9F53B2FCFDA9}.Debug|Any CPU.Build.0 = Debug|Any CPU
		{91C348EE-F688-4A35-A122-9F53B2FCFDA9}.Release|Any CPU.ActiveCfg = Release|Any CPU
		{91C348EE-F688-4A35-A122-9F53B2FCFDA9}.Release|Any CPU.Build.0 = Release|Any CPU
		{05EB6EC0-E737-4BE0-9765-AC729E661F22}.Debug|Any CPU.ActiveCfg = Debug|Any CPU
		{05EB6EC0-E737-4BE0-9765-AC729E661F22}.Debug|Any CPU.Build.0 = Debug|Any CPU
		{05EB6EC0-E737-4BE0-9765-AC729E661F22}.Release|Any CPU.ActiveCfg = Release|Any CPU
		{05EB6EC0-E737-4BE0-9765-AC729E661F22}.Release|Any CPU.Build.0 = Release|Any CPU
	EndGlobalSection
	GlobalSection(SolutionProperties) = preSolution
		HideSolutionNode = FALSE
	EndGlobalSection
	GlobalSection(ExtensibilityGlobals) = postSolution
		SolutionGuid = {21C6B64F-6506-4BA1-BFAE-129152A02CE8}
	EndGlobalSection
EndGlobal
